// !$*UTF8*$!
{
	archiveVersion = 1;
	classes = {
	};
	objectVersion = 46;
	objects = {

/* Begin PBXBuildFile section */
		938CEE931AFE711500529182 /* libopencv_calib3d.a in Frameworks */ = {isa = PBXBuildFile; fileRef = 938CEE811AFE711500529182 /* libopencv_calib3d.a */; };
		938CEE941AFE711500529182 /* libopencv_core.a in Frameworks */ = {isa = PBXBuildFile; fileRef = 938CEE821AFE711500529182 /* libopencv_core.a */; };
		938CEE951AFE711500529182 /* libopencv_features2d.a in Frameworks */ = {isa = PBXBuildFile; fileRef = 938CEE831AFE711500529182 /* libopencv_features2d.a */; };
		938CEE961AFE711500529182 /* libopencv_flann.a in Frameworks */ = {isa = PBXBuildFile; fileRef = 938CEE841AFE711500529182 /* libopencv_flann.a */; };
		938CEE971AFE711500529182 /* libopencv_hal.a in Frameworks */ = {isa = PBXBuildFile; fileRef = 938CEE851AFE711500529182 /* libopencv_hal.a */; };
		938CEE991AFE711500529182 /* libopencv_imgcodecs.a in Frameworks */ = {isa = PBXBuildFile; fileRef = 938CEE871AFE711500529182 /* libopencv_imgcodecs.a */; };
		938CEE9A1AFE711500529182 /* libopencv_imgproc.a in Frameworks */ = {isa = PBXBuildFile; fileRef = 938CEE881AFE711500529182 /* libopencv_imgproc.a */; };
		938CEE9B1AFE711500529182 /* libopencv_ml.a in Frameworks */ = {isa = PBXBuildFile; fileRef = 938CEE891AFE711500529182 /* libopencv_ml.a */; };
		938CEE9C1AFE711500529182 /* libopencv_objdetect.a in Frameworks */ = {isa = PBXBuildFile; fileRef = 938CEE8A1AFE711500529182 /* libopencv_objdetect.a */; };
		938CEE9D1AFE711500529182 /* libopencv_photo.a in Frameworks */ = {isa = PBXBuildFile; fileRef = 938CEE8B1AFE711500529182 /* libopencv_photo.a */; };
		938CEE9E1AFE711500529182 /* libopencv_shape.a in Frameworks */ = {isa = PBXBuildFile; fileRef = 938CEE8C1AFE711500529182 /* libopencv_shape.a */; };
		938CEE9F1AFE711500529182 /* libopencv_stitching.a in Frameworks */ = {isa = PBXBuildFile; fileRef = 938CEE8D1AFE711500529182 /* libopencv_stitching.a */; };
		938CEEA01AFE711500529182 /* libopencv_superres.a in Frameworks */ = {isa = PBXBuildFile; fileRef = 938CEE8E1AFE711500529182 /* libopencv_superres.a */; };
		938CEEA11AFE711500529182 /* libopencv_ts.a in Frameworks */ = {isa = PBXBuildFile; fileRef = 938CEE8F1AFE711500529182 /* libopencv_ts.a */; };
		938CEEA21AFE711500529182 /* libopencv_video.a in Frameworks */ = {isa = PBXBuildFile; fileRef = 938CEE901AFE711500529182 /* libopencv_video.a */; };
		938CEEA31AFE711500529182 /* libopencv_videoio.a in Frameworks */ = {isa = PBXBuildFile; fileRef = 938CEE911AFE711500529182 /* libopencv_videoio.a */; };
		938CEEA41AFE711500529182 /* libopencv_videostab.a in Frameworks */ = {isa = PBXBuildFile; fileRef = 938CEE921AFE711500529182 /* libopencv_videostab.a */; };
		938CEEA51AFE732700529182 /* libopencv_highgui.a in Frameworks */ = {isa = PBXBuildFile; fileRef = 938CEE861AFE711500529182 /* libopencv_highgui.a */; };
		93F09D621AF6681C00B38FE6 /* CoreFoundation.framework in Frameworks */ = {isa = PBXBuildFile; fileRef = 93F09D611AF6681C00B38FE6 /* CoreFoundation.framework */; };
		93F09D691AF6681C00B38FE6 /* CameraRecorder.h in Headers */ = {isa = PBXBuildFile; fileRef = 93F09D681AF6681C00B38FE6 /* CameraRecorder.h */; };
		93F09D6D1AF6681C00B38FE6 /* CameraRecorder.cp in Sources */ = {isa = PBXBuildFile; fileRef = 93F09D6C1AF6681C00B38FE6 /* CameraRecorder.cp */; };
/* End PBXBuildFile section */

/* Begin PBXFileReference section */
		938CEE811AFE711500529182 /* libopencv_calib3d.a */ = {isa = PBXFileReference; lastKnownFileType = archive.ar; name = libopencv_calib3d.a; path = ../../../../../../usr/local/lib/libopencv_calib3d.a; sourceTree = "<group>"; };
		938CEE821AFE711500529182 /* libopencv_core.a */ = {isa = PBXFileReference; lastKnownFileType = archive.ar; name = libopencv_core.a; path = ../../../../../../usr/local/lib/libopencv_core.a; sourceTree = "<group>"; };
		938CEE831AFE711500529182 /* libopencv_features2d.a */ = {isa = PBXFileReference; lastKnownFileType = archive.ar; name = libopencv_features2d.a; path = ../../../../../../usr/local/lib/libopencv_features2d.a; sourceTree = "<group>"; };
		938CEE841AFE711500529182 /* libopencv_flann.a */ = {isa = PBXFileReference; lastKnownFileType = archive.ar; name = libopencv_flann.a; path = ../../../../../../usr/local/lib/libopencv_flann.a; sourceTree = "<group>"; };
		938CEE851AFE711500529182 /* libopencv_hal.a */ = {isa = PBXFileReference; lastKnownFileType = archive.ar; name = libopencv_hal.a; path = ../../../../../../usr/local/lib/libopencv_hal.a; sourceTree = "<group>"; };
		938CEE861AFE711500529182 /* libopencv_highgui.a */ = {isa = PBXFileReference; lastKnownFileType = archive.ar; name = libopencv_highgui.a; path = ../../../../../../usr/local/lib/libopencv_highgui.a; sourceTree = "<group>"; };
		938CEE871AFE711500529182 /* libopencv_imgcodecs.a */ = {isa = PBXFileReference; lastKnownFileType = archive.ar; name = libopencv_imgcodecs.a; path = ../../../../../../usr/local/lib/libopencv_imgcodecs.a; sourceTree = "<group>"; };
		938CEE881AFE711500529182 /* libopencv_imgproc.a */ = {isa = PBXFileReference; lastKnownFileType = archive.ar; name = libopencv_imgproc.a; path = ../../../../../../usr/local/lib/libopencv_imgproc.a; sourceTree = "<group>"; };
		938CEE891AFE711500529182 /* libopencv_ml.a */ = {isa = PBXFileReference; lastKnownFileType = archive.ar; name = libopencv_ml.a; path = ../../../../../../usr/local/lib/libopencv_ml.a; sourceTree = "<group>"; };
		938CEE8A1AFE711500529182 /* libopencv_objdetect.a */ = {isa = PBXFileReference; lastKnownFileType = archive.ar; name = libopencv_objdetect.a; path = ../../../../../../usr/local/lib/libopencv_objdetect.a; sourceTree = "<group>"; };
		938CEE8B1AFE711500529182 /* libopencv_photo.a */ = {isa = PBXFileReference; lastKnownFileType = archive.ar; name = libopencv_photo.a; path = ../../../../../../usr/local/lib/libopencv_photo.a; sourceTree = "<group>"; };
		938CEE8C1AFE711500529182 /* libopencv_shape.a */ = {isa = PBXFileReference; lastKnownFileType = archive.ar; name = libopencv_shape.a; path = ../../../../../../usr/local/lib/libopencv_shape.a; sourceTree = "<group>"; };
		938CEE8D1AFE711500529182 /* libopencv_stitching.a */ = {isa = PBXFileReference; lastKnownFileType = archive.ar; name = libopencv_stitching.a; path = ../../../../../../usr/local/lib/libopencv_stitching.a; sourceTree = "<group>"; };
		938CEE8E1AFE711500529182 /* libopencv_superres.a */ = {isa = PBXFileReference; lastKnownFileType = archive.ar; name = libopencv_superres.a; path = ../../../../../../usr/local/lib/libopencv_superres.a; sourceTree = "<group>"; };
		938CEE8F1AFE711500529182 /* libopencv_ts.a */ = {isa = PBXFileReference; lastKnownFileType = archive.ar; name = libopencv_ts.a; path = ../../../../../../usr/local/lib/libopencv_ts.a; sourceTree = "<group>"; };
		938CEE901AFE711500529182 /* libopencv_video.a */ = {isa = PBXFileReference; lastKnownFileType = archive.ar; name = libopencv_video.a; path = ../../../../../../usr/local/lib/libopencv_video.a; sourceTree = "<group>"; };
		938CEE911AFE711500529182 /* libopencv_videoio.a */ = {isa = PBXFileReference; lastKnownFileType = archive.ar; name = libopencv_videoio.a; path = ../../../../../../usr/local/lib/libopencv_videoio.a; sourceTree = "<group>"; };
		938CEE921AFE711500529182 /* libopencv_videostab.a */ = {isa = PBXFileReference; lastKnownFileType = archive.ar; name = libopencv_videostab.a; path = ../../../../../../usr/local/lib/libopencv_videostab.a; sourceTree = "<group>"; };
		93F09D5E1AF6681C00B38FE6 /* CameraRecorder.bundle */ = {isa = PBXFileReference; explicitFileType = wrapper.cfbundle; includeInIndex = 0; path = CameraRecorder.bundle; sourceTree = BUILT_PRODUCTS_DIR; };
		93F09D611AF6681C00B38FE6 /* CoreFoundation.framework */ = {isa = PBXFileReference; lastKnownFileType = wrapper.framework; name = CoreFoundation.framework; path = System/Library/Frameworks/CoreFoundation.framework; sourceTree = SDKROOT; };
		93F09D651AF6681C00B38FE6 /* Info.plist */ = {isa = PBXFileReference; lastKnownFileType = text.plist.xml; path = Info.plist; sourceTree = "<group>"; };
		93F09D661AF6681C00B38FE6 /* CameraRecorderProj.xcconfig */ = {isa = PBXFileReference; lastKnownFileType = text.xcconfig; path = CameraRecorderProj.xcconfig; sourceTree = "<group>"; };
		93F09D671AF6681C00B38FE6 /* CameraRecorderTarget.xcconfig */ = {isa = PBXFileReference; lastKnownFileType = text.xcconfig; path = CameraRecorderTarget.xcconfig; sourceTree = "<group>"; };
		93F09D681AF6681C00B38FE6 /* CameraRecorder.h */ = {isa = PBXFileReference; lastKnownFileType = sourcecode.c.h; path = CameraRecorder.h; sourceTree = "<group>"; usesTabs = 0; };
		93F09D6C1AF6681C00B38FE6 /* CameraRecorder.cp */ = {isa = PBXFileReference; lastKnownFileType = sourcecode.cpp.cpp; path = CameraRecorder.cp; sourceTree = "<group>"; };
		93F09D731AF6700600B38FE6 /* OpenGL.framework */ = {isa = PBXFileReference; lastKnownFileType = wrapper.framework; name = OpenGL.framework; path = System/Library/Frameworks/OpenGL.framework; sourceTree = SDKROOT; };
/* End PBXFileReference section */

/* Begin PBXFrameworksBuildPhase section */
		93F09D5B1AF6681C00B38FE6 /* Frameworks */ = {
			isa = PBXFrameworksBuildPhase;
			buildActionMask = 2147483647;
			files = (
				938CEEA51AFE732700529182 /* libopencv_highgui.a in Frameworks */,
				938CEE931AFE711500529182 /* libopencv_calib3d.a in Frameworks */,
				938CEE941AFE711500529182 /* libopencv_core.a in Frameworks */,
				938CEE951AFE711500529182 /* libopencv_features2d.a in Frameworks */,
				938CEE961AFE711500529182 /* libopencv_flann.a in Frameworks */,
				938CEE971AFE711500529182 /* libopencv_hal.a in Frameworks */,
				938CEE991AFE711500529182 /* libopencv_imgcodecs.a in Frameworks */,
				938CEE9A1AFE711500529182 /* libopencv_imgproc.a in Frameworks */,
				938CEE9B1AFE711500529182 /* libopencv_ml.a in Frameworks */,
				938CEE9C1AFE711500529182 /* libopencv_objdetect.a in Frameworks */,
				938CEE9D1AFE711500529182 /* libopencv_photo.a in Frameworks */,
				938CEE9E1AFE711500529182 /* libopencv_shape.a in Frameworks */,
				938CEE9F1AFE711500529182 /* libopencv_stitching.a in Frameworks */,
				938CEEA01AFE711500529182 /* libopencv_superres.a in Frameworks */,
				938CEEA11AFE711500529182 /* libopencv_ts.a in Frameworks */,
				938CEEA21AFE711500529182 /* libopencv_video.a in Frameworks */,
				938CEEA31AFE711500529182 /* libopencv_videoio.a in Frameworks */,
				938CEEA41AFE711500529182 /* libopencv_videostab.a in Frameworks */,
				93F09D621AF6681C00B38FE6 /* CoreFoundation.framework in Frameworks */,
			);
			runOnlyForDeploymentPostprocessing = 0;
		};
/* End PBXFrameworksBuildPhase section */

/* Begin PBXGroup section */
		93F09D551AF6681C00B38FE6 = {
			isa = PBXGroup;
			children = (
				93F09D631AF6681C00B38FE6 /* CameraRecorder */,
				93F09D601AF6681C00B38FE6 /* Frameworks */,
				93F09D5F1AF6681C00B38FE6 /* Products */,
			);
			sourceTree = "<group>";
		};
		93F09D5F1AF6681C00B38FE6 /* Products */ = {
			isa = PBXGroup;
			children = (
				93F09D5E1AF6681C00B38FE6 /* CameraRecorder.bundle */,
			);
			name = Products;
			sourceTree = "<group>";
		};
		93F09D601AF6681C00B38FE6 /* Frameworks */ = {
			isa = PBXGroup;
			children = (
				938CEE811AFE711500529182 /* libopencv_calib3d.a */,
				938CEE821AFE711500529182 /* libopencv_core.a */,
				938CEE831AFE711500529182 /* libopencv_features2d.a */,
				938CEE841AFE711500529182 /* libopencv_flann.a */,
				938CEE851AFE711500529182 /* libopencv_hal.a */,
				938CEE861AFE711500529182 /* libopencv_highgui.a */,
				938CEE871AFE711500529182 /* libopencv_imgcodecs.a */,
				938CEE881AFE711500529182 /* libopencv_imgproc.a */,
				938CEE891AFE711500529182 /* libopencv_ml.a */,
				938CEE8A1AFE711500529182 /* libopencv_objdetect.a */,
				938CEE8B1AFE711500529182 /* libopencv_photo.a */,
				938CEE8C1AFE711500529182 /* libopencv_shape.a */,
				938CEE8D1AFE711500529182 /* libopencv_stitching.a */,
				938CEE8E1AFE711500529182 /* libopencv_superres.a */,
				938CEE8F1AFE711500529182 /* libopencv_ts.a */,
				938CEE901AFE711500529182 /* libopencv_video.a */,
				938CEE911AFE711500529182 /* libopencv_videoio.a */,
				938CEE921AFE711500529182 /* libopencv_videostab.a */,
				93F09D731AF6700600B38FE6 /* OpenGL.framework */,
				93F09D611AF6681C00B38FE6 /* CoreFoundation.framework */,
			);
			name = Frameworks;
			sourceTree = "<group>";
		};
		93F09D631AF6681C00B38FE6 /* CameraRecorder */ = {
			isa = PBXGroup;
			children = (
				93F09D661AF6681C00B38FE6 /* CameraRecorderProj.xcconfig */,
				93F09D671AF6681C00B38FE6 /* CameraRecorderTarget.xcconfig */,
				93F09D681AF6681C00B38FE6 /* CameraRecorder.h */,
				93F09D6C1AF6681C00B38FE6 /* CameraRecorder.cp */,
				93F09D641AF6681C00B38FE6 /* Supporting Files */,
			);
			path = CameraRecorder;
			sourceTree = "<group>";
		};
		93F09D641AF6681C00B38FE6 /* Supporting Files */ = {
			isa = PBXGroup;
			children = (
				93F09D651AF6681C00B38FE6 /* Info.plist */,
			);
			name = "Supporting Files";
			sourceTree = "<group>";
		};
/* End PBXGroup section */

/* Begin PBXHeadersBuildPhase section */
		93F09D5C1AF6681C00B38FE6 /* Headers */ = {
			isa = PBXHeadersBuildPhase;
			buildActionMask = 2147483647;
			files = (
				93F09D691AF6681C00B38FE6 /* CameraRecorder.h in Headers */,
			);
			runOnlyForDeploymentPostprocessing = 0;
		};
/* End PBXHeadersBuildPhase section */

/* Begin PBXNativeTarget section */
		93F09D5D1AF6681C00B38FE6 /* CameraRecorder */ = {
			isa = PBXNativeTarget;
			buildConfigurationList = 93F09D701AF6681C00B38FE6 /* Build configuration list for PBXNativeTarget "CameraRecorder" */;
			buildPhases = (
				93F09D5A1AF6681C00B38FE6 /* Sources */,
				93F09D5B1AF6681C00B38FE6 /* Frameworks */,
				93F09D5C1AF6681C00B38FE6 /* Headers */,
			);
			buildRules = (
			);
			dependencies = (
			);
			name = CameraRecorder;
			productName = CameraRecorder;
			productReference = 93F09D5E1AF6681C00B38FE6 /* CameraRecorder.bundle */;
			productType = "com.apple.product-type.bundle";
		};
/* End PBXNativeTarget section */

/* Begin PBXProject section */
		93F09D561AF6681C00B38FE6 /* Project object */ = {
			isa = PBXProject;
			attributes = {
				LastUpgradeCheck = 0630;
				ORGANIZATIONNAME = "Saad Khoudmi";
				TargetAttributes = {
					93F09D5D1AF6681C00B38FE6 = {
						CreatedOnToolsVersion = 6.3;
					};
				};
			};
			buildConfigurationList = 93F09D591AF6681C00B38FE6 /* Build configuration list for PBXProject "CameraRecorder" */;
			compatibilityVersion = "Xcode 3.2";
			developmentRegion = English;
			hasScannedForEncodings = 0;
			knownRegions = (
				en,
			);
			mainGroup = 93F09D551AF6681C00B38FE6;
			productRefGroup = 93F09D5F1AF6681C00B38FE6 /* Products */;
			projectDirPath = "";
			projectRoot = "";
			targets = (
				93F09D5D1AF6681C00B38FE6 /* CameraRecorder */,
			);
		};
/* End PBXProject section */

/* Begin PBXSourcesBuildPhase section */
		93F09D5A1AF6681C00B38FE6 /* Sources */ = {
			isa = PBXSourcesBuildPhase;
			buildActionMask = 2147483647;
			files = (
				93F09D6D1AF6681C00B38FE6 /* CameraRecorder.cp in Sources */,
			);
			runOnlyForDeploymentPostprocessing = 0;
		};
/* End PBXSourcesBuildPhase section */

/* Begin XCBuildConfiguration section */
		93F09D6E1AF6681C00B38FE6 /* Debug */ = {
			isa = XCBuildConfiguration;
			buildSettings = {
				ALWAYS_SEARCH_USER_PATHS = NO;
				CLANG_CXX_LANGUAGE_STANDARD = "gnu++0x";
				CLANG_CXX_LIBRARY = "libc++";
				CLANG_ENABLE_MODULES = YES;
				CLANG_ENABLE_OBJC_ARC = YES;
				CLANG_WARN_BOOL_CONVERSION = YES;
				CLANG_WARN_CONSTANT_CONVERSION = YES;
				CLANG_WARN_DIRECT_OBJC_ISA_USAGE = YES_ERROR;
				CLANG_WARN_EMPTY_BODY = YES;
				CLANG_WARN_ENUM_CONVERSION = YES;
				CLANG_WARN_INT_CONVERSION = YES;
				CLANG_WARN_OBJC_ROOT_CLASS = YES_ERROR;
				CLANG_WARN_UNREACHABLE_CODE = YES;
				CLANG_WARN__DUPLICATE_METHOD_MATCH = YES;
				COPY_PHASE_STRIP = NO;
				DEBUG_INFORMATION_FORMAT = dwarf;
				ENABLE_STRICT_OBJC_MSGSEND = YES;
				GCC_C_LANGUAGE_STANDARD = gnu99;
				GCC_DYNAMIC_NO_PIC = NO;
				GCC_NO_COMMON_BLOCKS = YES;
				GCC_OPTIMIZATION_LEVEL = 0;
				GCC_PREPROCESSOR_DEFINITIONS = (
					"DEBUG=1",
					"$(inherited)",
				);
				GCC_SYMBOLS_PRIVATE_EXTERN = NO;
				GCC_WARN_64_TO_32_BIT_CONVERSION = YES;
				GCC_WARN_ABOUT_RETURN_TYPE = YES_ERROR;
				GCC_WARN_UNDECLARED_SELECTOR = YES;
				GCC_WARN_UNINITIALIZED_AUTOS = YES_AGGRESSIVE;
				GCC_WARN_UNUSED_FUNCTION = YES;
				GCC_WARN_UNUSED_VARIABLE = YES;
				MACOSX_DEPLOYMENT_TARGET = 10.10;
				MTL_ENABLE_DEBUG_INFO = YES;
				ONLY_ACTIVE_ARCH = YES;
				SDKROOT = macosx;
			};
			name = Debug;
		};
		93F09D6F1AF6681C00B38FE6 /* Release */ = {
			isa = XCBuildConfiguration;
			buildSettings = {
				ALWAYS_SEARCH_USER_PATHS = NO;
				CLANG_CXX_LANGUAGE_STANDARD = "gnu++0x";
				CLANG_CXX_LIBRARY = "libc++";
				CLANG_ENABLE_MODULES = YES;
				CLANG_ENABLE_OBJC_ARC = YES;
				CLANG_WARN_BOOL_CONVERSION = YES;
				CLANG_WARN_CONSTANT_CONVERSION = YES;
				CLANG_WARN_DIRECT_OBJC_ISA_USAGE = YES_ERROR;
				CLANG_WARN_EMPTY_BODY = YES;
				CLANG_WARN_ENUM_CONVERSION = YES;
				CLANG_WARN_INT_CONVERSION = YES;
				CLANG_WARN_OBJC_ROOT_CLASS = YES_ERROR;
				CLANG_WARN_UNREACHABLE_CODE = YES;
				CLANG_WARN__DUPLICATE_METHOD_MATCH = YES;
				COPY_PHASE_STRIP = NO;
				DEBUG_INFORMATION_FORMAT = "dwarf-with-dsym";
				ENABLE_NS_ASSERTIONS = NO;
				ENABLE_STRICT_OBJC_MSGSEND = YES;
				GCC_C_LANGUAGE_STANDARD = gnu99;
				GCC_NO_COMMON_BLOCKS = YES;
				GCC_WARN_64_TO_32_BIT_CONVERSION = YES;
				GCC_WARN_ABOUT_RETURN_TYPE = YES_ERROR;
				GCC_WARN_UNDECLARED_SELECTOR = YES;
				GCC_WARN_UNINITIALIZED_AUTOS = YES_AGGRESSIVE;
				GCC_WARN_UNUSED_FUNCTION = YES;
				GCC_WARN_UNUSED_VARIABLE = YES;
				MACOSX_DEPLOYMENT_TARGET = 10.10;
				MTL_ENABLE_DEBUG_INFO = NO;
				SDKROOT = macosx;
			};
			name = Release;
		};
		93F09D711AF6681C00B38FE6 /* Debug */ = {
			isa = XCBuildConfiguration;
			buildSettings = {
				COMBINE_HIDPI_IMAGES = YES;
				"HEADER_SEARCH_PATHS[arch=*]" = /usr/local/include;
				INFOPLIST_FILE = CameraRecorder/Info.plist;
				"LIBRARY_SEARCH_PATHS[arch=*]" = /usr/local/lib;
				"OTHER_LDFLAGS[arch=*]" = "";
				PRODUCT_NAME = "$(TARGET_NAME)";
			};
			name = Debug;
		};
		93F09D721AF6681C00B38FE6 /* Release */ = {
			isa = XCBuildConfiguration;
			buildSettings = {
				COMBINE_HIDPI_IMAGES = YES;
				"HEADER_SEARCH_PATHS[arch=*]" = /usr/local/include;
				INFOPLIST_FILE = CameraRecorder/Info.plist;
				"LIBRARY_SEARCH_PATHS[arch=*]" = /usr/local/lib;
				"OTHER_LDFLAGS[arch=*]" = "";
				PRODUCT_NAME = "$(TARGET_NAME)";
			};
			name = Release;
		};
/* End XCBuildConfiguration section */

/* Begin XCConfigurationList section */
		93F09D591AF6681C00B38FE6 /* Build configuration list for PBXProject "CameraRecorder" */ = {
			isa = XCConfigurationList;
			buildConfigurations = (
				93F09D6E1AF6681C00B38FE6 /* Debug */,
				93F09D6F1AF6681C00B38FE6 /* Release */,
			);
			defaultConfigurationIsVisible = 0;
			defaultConfigurationName = Release;
		};
		93F09D701AF6681C00B38FE6 /* Build configuration list for PBXNativeTarget "CameraRecorder" */ = {
			isa = XCConfigurationList;
			buildConfigurations = (
				93F09D711AF6681C00B38FE6 /* Debug */,
				93F09D721AF6681C00B38FE6 /* Release */,
			);
			defaultConfigurationIsVisible = 0;
			defaultConfigurationName = Release;
		};
/* End XCConfigurationList section */
	};
	rootObject = 93F09D561AF6681C00B38FE6 /* Project object */;
}
